
Microsoft Visual Studio Solution File, Format Version 12.00
# Visual Studio 15
VisualStudioVersion = 15.0.26124.0
MinimumVisualStudioVersion = 15.0.26124.0
Project("{F2A71F9B-5D33-465A-A702-920D77279786}") = "Day1", "Day1\Day1.fsproj", "{FB827D81-B229-4268-8E3B-579E044A1180}"
EndProject
Project("{F2A71F9B-5D33-465A-A702-920D77279786}") = "Day2", "Day2\Day2.fsproj", "{461E168F-8562-4841-987E-85371E6C0890}"
EndProject
Project("{F2A71F9B-5D33-465A-A702-920D77279786}") = "Day3", "Day3\Day3.fsproj", "{43E78359-E2C0-4F42-B206-48D3F3D367BD}"
EndProject
Project("{F2A71F9B-5D33-465A-A702-920D77279786}") = "Day4", "Day4\Day4.fsproj", "{3AEC5B4E-1E6A-44B1-978F-2310F16082DB}"
EndProject
Global
	GlobalSection(SolutionConfigurationPlatforms) = preSolution
		Debug|Any CPU = Debug|Any CPU
		Debug|x64 = Debug|x64
		Debug|x86 = Debug|x86
		Release|Any CPU = Release|Any CPU
		Release|x64 = Release|x64
		Release|x86 = Release|x86
	EndGlobalSection
	GlobalSection(SolutionProperties) = preSolution
		HideSolutionNode = FALSE
	EndGlobalSection
	GlobalSection(ProjectConfigurationPlatforms) = postSolution
		{FB827D81-B229-4268-8E3B-579E044A1180}.Debug|Any CPU.ActiveCfg = Debug|Any CPU
		{FB827D81-B229-4268-8E3B-579E044A1180}.Debug|Any CPU.Build.0 = Debug|Any CPU
		{FB827D81-B229-4268-8E3B-579E044A1180}.Debug|x64.ActiveCfg = Debug|Any CPU
		{FB827D81-B229-4268-8E3B-579E044A1180}.Debug|x64.Build.0 = Debug|Any CPU
		{FB827D81-B229-4268-8E3B-579E044A1180}.Debug|x86.ActiveCfg = Debug|Any CPU
		{FB827D81-B229-4268-8E3B-579E044A1180}.Debug|x86.Build.0 = Debug|Any CPU
		{FB827D81-B229-4268-8E3B-579E044A1180}.Release|Any CPU.ActiveCfg = Release|Any CPU
		{FB827D81-B229-4268-8E3B-579E044A1180}.Release|Any CPU.Build.0 = Release|Any CPU
		{FB827D81-B229-4268-8E3B-579E044A1180}.Release|x64.ActiveCfg = Release|Any CPU
		{FB827D81-B229-4268-8E3B-579E044A1180}.Release|x64.Build.0 = Release|Any CPU
		{FB827D81-B229-4268-8E3B-579E044A1180}.Release|x86.ActiveCfg = Release|Any CPU
		{FB827D81-B229-4268-8E3B-579E044A1180}.Release|x86.Build.0 = Release|Any CPU
		{461E168F-8562-4841-987E-85371E6C0890}.Debug|Any CPU.ActiveCfg = Debug|Any CPU
		{461E168F-8562-4841-987E-85371E6C0890}.Debug|Any CPU.Build.0 = Debug|Any CPU
		{461E168F-8562-4841-987E-85371E6C0890}.Debug|x64.ActiveCfg = Debug|Any CPU
		{461E168F-8562-4841-987E-85371E6C0890}.Debug|x64.Build.0 = Debug|Any CPU
		{461E168F-8562-4841-987E-85371E6C0890}.Debug|x86.ActiveCfg = Debug|Any CPU
		{461E168F-8562-4841-987E-85371E6C0890}.Debug|x86.Build.0 = Debug|Any CPU
		{461E168F-8562-4841-987E-85371E6C0890}.Release|Any CPU.ActiveCfg = Release|Any CPU
		{461E168F-8562-4841-987E-85371E6C0890}.Release|Any CPU.Build.0 = Release|Any CPU
		{461E168F-8562-4841-987E-85371E6C0890}.Release|x64.ActiveCfg = Release|Any CPU
		{461E168F-8562-4841-987E-85371E6C0890}.Release|x64.Build.0 = Release|Any CPU
		{461E168F-8562-4841-987E-85371E6C0890}.Release|x86.ActiveCfg = Release|Any CPU
		{461E168F-8562-4841-987E-85371E6C0890}.Release|x86.Build.0 = Release|Any CPU
		{43E78359-E2C0-4F42-B206-48D3F3D367BD}.Debug|Any CPU.ActiveCfg = Debug|Any CPU
		{43E78359-E2C0-4F42-B206-48D3F3D367BD}.Debug|Any CPU.Build.0 = Debug|Any CPU
		{43E78359-E2C0-4F42-B206-48D3F3D367BD}.Debug|x64.ActiveCfg = Debug|Any CPU
		{43E78359-E2C0-4F42-B206-48D3F3D367BD}.Debug|x64.Build.0 = Debug|Any CPU
		{43E78359-E2C0-4F42-B206-48D3F3D367BD}.Debug|x86.ActiveCfg = Debug|Any CPU
		{43E78359-E2C0-4F42-B206-48D3F3D367BD}.Debug|x86.Build.0 = Debug|Any CPU
		{43E78359-E2C0-4F42-B206-48D3F3D367BD}.Release|Any CPU.ActiveCfg = Release|Any CPU
		{43E78359-E2C0-4F42-B206-48D3F3D367BD}.Release|Any CPU.Build.0 = Release|Any CPU
		{43E78359-E2C0-4F42-B206-48D3F3D367BD}.Release|x64.ActiveCfg = Release|Any CPU
		{43E78359-E2C0-4F42-B206-48D3F3D367BD}.Release|x64.Build.0 = Release|Any CPU
		{43E78359-E2C0-4F42-B206-48D3F3D367BD}.Release|x86.ActiveCfg = Release|Any CPU
		{43E78359-E2C0-4F42-B206-48D3F3D367BD}.Release|x86.Build.0 = Release|Any CPU
		{3AEC5B4E-1E6A-44B1-978F-2310F16082DB}.Debug|Any CPU.ActiveCfg = Debug|Any CPU
		{3AEC5B4E-1E6A-44B1-978F-2310F16082DB}.Debug|Any CPU.Build.0 = Debug|Any CPU
		{3AEC5B4E-1E6A-44B1-978F-2310F16082DB}.Debug|x64.ActiveCfg = Debug|Any CPU
		{3AEC5B4E-1E6A-44B1-978F-2310F16082DB}.Debug|x64.Build.0 = Debug|Any CPU
		{3AEC5B4E-1E6A-44B1-978F-2310F16082DB}.Debug|x86.ActiveCfg = Debug|Any CPU
		{3AEC5B4E-1E6A-44B1-978F-2310F16082DB}.Debug|x86.Build.0 = Debug|Any CPU
		{3AEC5B4E-1E6A-44B1-978F-2310F16082DB}.Release|Any CPU.ActiveCfg = Release|Any CPU
		{3AEC5B4E-1E6A-44B1-978F-2310F16082DB}.Release|Any CPU.Build.0 = Release|Any CPU
		{3AEC5B4E-1E6A-44B1-978F-2310F16082DB}.Release|x64.ActiveCfg = Release|Any CPU
		{3AEC5B4E-1E6A-44B1-978F-2310F16082DB}.Release|x64.Build.0 = Release|Any CPU
		{3AEC5B4E-1E6A-44B1-978F-2310F16082DB}.Release|x86.ActiveCfg = Release|Any CPU
		{3AEC5B4E-1E6A-44B1-978F-2310F16082DB}.Release|x86.Build.0 = Release|Any CPU
	EndGlobalSection
EndGlobal
